
Microsoft Visual Studio Solution File, Format Version 12.00
# Visual Studio Version 17
VisualStudioVersion = 17.7.34202.233
MinimumVisualStudioVersion = 10.0.40219.1
Project("{FAE04EC0-301F-11D3-BF4B-00C04F79EFBC}") = "VEGEFOODS", "VEGEFOODS\VEGEFOODS.csproj", "{A1330BC6-66D2-40F9-9567-4C2DE6D1BDFA}"
EndProject
Global
	GlobalSection(SolutionConfigurationPlatforms) = preSolution
		Debug|Any CPU = Debug|Any CPU
		Release|Any CPU = Release|Any CPU
	EndGlobalSection
	GlobalSection(ProjectConfigurationPlatforms) = postSolution
		{A1330BC6-66D2-40F9-9567-4C2DE6D1BDFA}.Debug|Any CPU.ActiveCfg = Debug|Any CPU
		{A1330BC6-66D2-40F9-9567-4C2DE6D1BDFA}.Debug|Any CPU.Build.0 = Debug|Any CPU
		{A1330BC6-66D2-40F9-9567-4C2DE6D1BDFA}.Release|Any CPU.ActiveCfg = Release|Any CPU
		{A1330BC6-66D2-40F9-9567-4C2DE6D1BDFA}.Release|Any CPU.Build.0 = Release|Any CPU
	EndGlobalSection
	GlobalSection(SolutionProperties) = preSolution
		HideSolutionNode = FALSE
	EndGlobalSection
	GlobalSection(ExtensibilityGlobals) = postSolution
		SolutionGuid = {0FAE60F7-D3A9-46B7-81C1-372D7EC6AEF0}
	EndGlobalSection
EndGlobal
